// !$*UTF8*$!
{
	archiveVersion = 1;
	classes = {
	};
	objectVersion = 46;
	objects = {

/* Begin PBXBuildFile section */
		C433CEFC1CD6103A00B9188C /* AppDelegate.swift in Sources */ = {isa = PBXBuildFile; fileRef = C433CEFB1CD6103A00B9188C /* AppDelegate.swift */; };
		C433CEFE1CD6103A00B9188C /* ViewController.swift in Sources */ = {isa = PBXBuildFile; fileRef = C433CEFD1CD6103A00B9188C /* ViewController.swift */; };
		C433CF011CD6103A00B9188C /* Main.storyboard in Resources */ = {isa = PBXBuildFile; fileRef = C433CEFF1CD6103A00B9188C /* Main.storyboard */; };
		C433CF031CD6103A00B9188C /* Assets.xcassets in Resources */ = {isa = PBXBuildFile; fileRef = C433CF021CD6103A00B9188C /* Assets.xcassets */; };
		C433CF061CD6103A00B9188C /* LaunchScreen.storyboard in Resources */ = {isa = PBXBuildFile; fileRef = C433CF041CD6103A00B9188C /* LaunchScreen.storyboard */; };
/* End PBXBuildFile section */

/* Begin PBXFileReference section */
		C433CEF81CD6103A00B9188C /* logintest.app */ = {isa = PBXFileReference; explicitFileType = wrapper.application; includeInIndex = 0; path = logintest.app; sourceTree = BUILT_PRODUCTS_DIR; };
		C433CEFB1CD6103A00B9188C /* AppDelegate.swift */ = {isa = PBXFileReference; lastKnownFileType = sourcecode.swift; path = AppDelegate.swift; sourceTree = "<group>"; };
		C433CEFD1CD6103A00B9188C /* ViewController.swift */ = {isa = PBXFileReference; lastKnownFileType = sourcecode.swift; path = ViewController.swift; sourceTree = "<group>"; };
		C433CF001CD6103A00B9188C /* Base */ = {isa = PBXFileReference; lastKnownFileType = file.storyboard; name = Base; path = Base.lproj/Main.storyboard; sourceTree = "<group>"; };
		C433CF021CD6103A00B9188C /* Assets.xcassets */ = {isa = PBXFileReference; lastKnownFileType = folder.assetcatalog; path = Assets.xcassets; sourceTree = "<group>"; };
		C433CF051CD6103A00B9188C /* Base */ = {isa = PBXFileReference; lastKnownFileType = file.storyboard; name = Base; path = Base.lproj/LaunchScreen.storyboard; sourceTree = "<group>"; };
		C433CF071CD6103A00B9188C /* Info.plist */ = {isa = PBXFileReference; lastKnownFileType = text.plist.xml; path = Info.plist; sourceTree = "<group>"; };
/* End PBXFileReference section */

/* Begin PBXFrameworksBuildPhase section */
		C433CEF51CD6103A00B9188C /* Frameworks */ = {
			isa = PBXFrameworksBuildPhase;
			buildActionMask = 2147483647;
			files = (
			);
			runOnlyForDeploymentPostprocessing = 0;
		};
/* End PBXFrameworksBuildPhase section */

/* Begin PBXGroup section */
		C433CEEF1CD6103A00B9188C = {
			isa = PBXGroup;
			children = (
				C433CEFA1CD6103A00B9188C /* logintest */,
				C433CEF91CD6103A00B9188C /* Products */,
			);
			sourceTree = "<group>";
		};
		C433CEF91CD6103A00B9188C /* Products */ = {
			isa = PBXGroup;
			children = (
				C433CEF81CD6103A00B9188C /* logintest.app */,
			);
			name = Products;
			sourceTree = "<group>";
		};
		C433CEFA1CD6103A00B9188C /* logintest */ = {
			isa = PBXGroup;
			children = (
				C433CEFB1CD6103A00B9188C /* AppDelegate.swift */,
				C433CEFD1CD6103A00B9188C /* ViewController.swift */,
				C433CEFF1CD6103A00B9188C /* Main.storyboard */,
				C433CF021CD6103A00B9188C /* Assets.xcassets */,
				C433CF041CD6103A00B9188C /* LaunchScreen.storyboard */,
				C433CF071CD6103A00B9188C /* Info.plist */,
			);
			path = logintest;
			sourceTree = "<group>";
		};
/* End PBXGroup section */

/* Begin PBXNativeTarget section */
		C433CEF71CD6103A00B9188C /* logintest */ = {
			isa = PBXNativeTarget;
			buildConfigurationList = C433CF0A1CD6103A00B9188C /* Build configuration list for PBXNativeTarget "logintest" */;
			buildPhases = (
				C433CEF41CD6103A00B9188C /* Sources */,
				C433CEF51CD6103A00B9188C /* Frameworks */,
				C433CEF61CD6103A00B9188C /* Resources */,
			);
			buildRules = (
			);
			dependencies = (
			);
			name = logintest;
			productName = logintest;
			productReference = C433CEF81CD6103A00B9188C /* logintest.app */;
			productType = "com.apple.product-type.application";
		};
/* End PBXNativeTarget section */

/* Begin PBXProject section */
		C433CEF01CD6103A00B9188C /* Project object */ = {
			isa = PBXProject;
			attributes = {
				LastSwiftUpdateCheck = 0710;
				LastUpgradeCheck = 0710;
				ORGANIZATIONNAME = infancyit;
				TargetAttributes = {
					C433CEF71CD6103A00B9188C = {
						CreatedOnToolsVersion = 7.1.1;
					};
				};
			};
			buildConfigurationList = C433CEF31CD6103A00B9188C /* Build configuration list for PBXProject "logintest" */;
			compatibilityVersion = "Xcode 3.2";
			developmentRegion = English;
			hasScannedForEncodings = 0;
			knownRegions = (
				en,
				Base,
			);
			mainGroup = C433CEEF1CD6103A00B9188C;
			productRefGroup = C433CEF91CD6103A00B9188C /* Products */;
			projectDirPath = "";
			projectRoot = "";
			targets = (
				C433CEF71CD6103A00B9188C /* logintest */,
			);
		};
/* End PBXProject section */

/* Begin PBXResourcesBuildPhase section */
		C433CEF61CD6103A00B9188C /* Resources */ = {
			isa = PBXResourcesBuildPhase;
			buildActionMask = 2147483647;
			files = (
				C433CF061CD6103A00B9188C /* LaunchScreen.storyboard in Resources */,
				C433CF031CD6103A00B9188C /* Assets.xcassets in Resources */,
				C433CF011CD6103A00B9188C /* Main.storyboard in Resources */,
			);
			runOnlyForDeploymentPostprocessing = 0;
		};
/* End PBXResourcesBuildPhase section */

/* Begin PBXSourcesBuildPhase section */
		C433CEF41CD6103A00B9188C /* Sources */ = {
			isa = PBXSourcesBuildPhase;
			buildActionMask = 2147483647;
			files = (
				C433CEFE1CD6103A00B9188C /* ViewController.swift in Sources */,
				C433CEFC1CD6103A00B9188C /* AppDelegate.swift in Sources */,
			);
			runOnlyForDeploymentPostprocessing = 0;
		};
/* End PBXSourcesBuildPhase section */

/* Begin PBXVariantGroup section */
		C433CEFF1CD6103A00B9188C /* Main.storyboard */ = {
			isa = PBXVariantGroup;
			children = (
				C433CF001CD6103A00B9188C /* Base */,
			);
			name = Main.storyboard;
			sourceTree = "<group>";
		};
		C433CF041CD6103A00B9188C /* LaunchScreen.storyboard */ = {
			isa = PBXVariantGroup;
			children = (
				C433CF051CD6103A00B9188C /* Base */,
			);
			name = LaunchScreen.storyboard;
			sourceTree = "<group>";
		};
/* End PBXVariantGroup section */

/* Begin XCBuildConfiguration section */
		C433CF081CD6103A00B9188C /* Debug */ = {
			isa = XCBuildConfiguration;
			buildSettings = {
				ALWAYS_SEARCH_USER_PATHS = NO;
				CLANG_CXX_LANGUAGE_STANDARD = "gnu++0x";
				CLANG_CXX_LIBRARY = "libc++";
				CLANG_ENABLE_MODULES = YES;
				CLANG_ENABLE_OBJC_ARC = YES;
				CLANG_WARN_BOOL_CONVERSION = YES;
				CLANG_WARN_CONSTANT_CONVERSION = YES;
				CLANG_WARN_DIRECT_OBJC_ISA_USAGE = YES_ERROR;
				CLANG_WARN_EMPTY_BODY = YES;
				CLANG_WARN_ENUM_CONVERSION = YES;
				CLANG_WARN_INT_CONVERSION = YES;
				CLANG_WARN_OBJC_ROOT_CLASS = YES_ERROR;
				CLANG_WARN_UNREACHABLE_CODE = YES;
				CLANG_WARN__DUPLICATE_METHOD_MATCH = YES;
				"CODE_SIGN_IDENTITY[sdk=iphoneos*]" = "iPhone Developer";
				COPY_PHASE_STRIP = NO;
				DEBUG_INFORMATION_FORMAT = dwarf;
				ENABLE_STRICT_OBJC_MSGSEND = YES;
				ENABLE_TESTABILITY = YES;
				GCC_C_LANGUAGE_STANDARD = gnu99;
				GCC_DYNAMIC_NO_PIC = NO;
				GCC_NO_COMMON_BLOCKS = YES;
				GCC_OPTIMIZATION_LEVEL = 0;
				GCC_PREPROCESSOR_DEFINITIONS = (
					"DEBUG=1",
					"$(inherited)",
				);
				GCC_WARN_64_TO_32_BIT_CONVERSION = YES;
				GCC_WARN_ABOUT_RETURN_TYPE = YES_ERROR;
				GCC_WARN_UNDECLARED_SELECTOR = YES;
				GCC_WARN_UNINITIALIZED_AUTOS = YES_AGGRESSIVE;
				GCC_WARN_UNUSED_FUNCTION = YES;
				GCC_WARN_UNUSED_VARIABLE = YES;
				IPHONEOS_DEPLOYMENT_TARGET = 9.1;
				MTL_ENABLE_DEBUG_INFO = YES;
				ONLY_ACTIVE_ARCH = YES;
				SDKROOT = iphoneos;
				SWIFT_OPTIMIZATION_LEVEL = "-Onone";
				TARGETED_DEVICE_FAMILY = "1,2";
			};
			name = Debug;
		};
		C433CF091CD6103A00B9188C /* Release */ = {
			isa = XCBuildConfiguration;
			buildSettings = {
				ALWAYS_SEARCH_USER_PATHS = NO;
				CLANG_CXX_LANGUAGE_STANDARD = "gnu++0x";
				CLANG_CXX_LIBRARY = "libc++";
				CLANG_ENABLE_MODULES = YES;
				CLANG_ENABLE_OBJC_ARC = YES;
				CLANG_WARN_BOOL_CONVERSION = YES;
				CLANG_WARN_CONSTANT_CONVERSION = YES;
				CLANG_WARN_DIRECT_OBJC_ISA_USAGE = YES_ERROR;
				CLANG_WARN_EMPTY_BODY = YES;
				CLANG_WARN_ENUM_CONVERSION = YES;
				CLANG_WARN_INT_CONVERSION = YES;
				CLANG_WARN_OBJC_ROOT_CLASS = YES_ERROR;
				CLANG_WARN_UNREACHABLE_CODE = YES;
				CLANG_WARN__DUPLICATE_METHOD_MATCH = YES;
				"CODE_SIGN_IDENTITY[sdk=iphoneos*]" = "iPhone Developer";
				COPY_PHASE_STRIP = NO;
				DEBUG_INFORMATION_FORMAT = "dwarf-with-dsym";
				ENABLE_NS_ASSERTIONS = NO;
				ENABLE_STRICT_OBJC_MSGSEND = YES;
				GCC_C_LANGUAGE_STANDARD = gnu99;
				GCC_NO_COMMON_BLOCKS = YES;
				GCC_WARN_64_TO_32_BIT_CONVERSION = YES;
				GCC_WARN_ABOUT_RETURN_TYPE = YES_ERROR;
				GCC_WARN_UNDECLARED_SELECTOR = YES;
				GCC_WARN_UNINITIALIZED_AUTOS = YES_AGGRESSIVE;
				GCC_WARN_UNUSED_FUNCTION = YES;
				GCC_WARN_UNUSED_VARIABLE = YES;
				IPHONEOS_DEPLOYMENT_TARGET = 9.1;
				MTL_ENABLE_DEBUG_INFO = NO;
				SDKROOT = iphoneos;
				TARGETED_DEVICE_FAMILY = "1,2";
				VALIDATE_PRODUCT = YES;
			};
			name = Release;
		};
		C433CF0B1CD6103A00B9188C /* Debug */ = {
			isa = XCBuildConfiguration;
			buildSettings = {
				ASSETCATALOG_COMPILER_APPICON_NAME = AppIcon;
				INFOPLIST_FILE = logintest/Info.plist;
				LD_RUNPATH_SEARCH_PATHS = "$(inherited) @executable_path/Frameworks";
				PRODUCT_BUNDLE_IDENTIFIER = com.infancyit.logintest;
				PRODUCT_NAME = "$(TARGET_NAME)";
			};
			name = Debug;
		};
		C433CF0C1CD6103A00B9188C /* Release */ = {
			isa = XCBuildConfiguration;
			buildSettings = {
				ASSETCATALOG_COMPILER_APPICON_NAME = AppIcon;
				INFOPLIST_FILE = logintest/Info.plist;
				LD_RUNPATH_SEARCH_PATHS = "$(inherited) @executable_path/Frameworks";
				PRODUCT_BUNDLE_IDENTIFIER = com.infancyit.logintest;
				PRODUCT_NAME = "$(TARGET_NAME)";
			};
			name = Release;
		};
/* End XCBuildConfiguration section */

/* Begin XCConfigurationList section */
		C433CEF31CD6103A00B9188C /* Build configuration list for PBXProject "logintest" */ = {
			isa = XCConfigurationList;
			buildConfigurations = (
				C433CF081CD6103A00B9188C /* Debug */,
				C433CF091CD6103A00B9188C /* Release */,
			);
			defaultConfigurationIsVisible = 0;
			defaultConfigurationName = Release;
		};
		C433CF0A1CD6103A00B9188C /* Build configuration list for PBXNativeTarget "logintest" */ = {
			isa = XCConfigurationList;
			buildConfigurations = (
				C433CF0B1CD6103A00B9188C /* Debug */,
				C433CF0C1CD6103A00B9188C /* Release */,
			);
			defaultConfigurationIsVisible = 0;
		};
/* End XCConfigurationList section */
	};
	rootObject = C433CEF01CD6103A00B9188C /* Project object */;
}
